
Microsoft Visual Studio Solution File, Format Version 12.00
# Visual Studio 15
VisualStudioVersion = 15.0.26430.15
MinimumVisualStudioVersion = 10.0.40219.1
Project("{FAE04EC0-301F-11D3-BF4B-00C04F79EFBC}") = "Audio Player", "Audio Player\Audio Player.csproj", "{4C2F52DC-84EA-4E9C-84A1-24C963920D08}"
EndProject
Project("{54435603-DBB4-11D2-8724-00A0C9A8B90C}") = "AudioPlayerSetup", "AudioPlayerSetup\AudioPlayerSetup.vdproj", "{133B5ADF-8A19-45A4-95FC-73803124A9E3}"
EndProject
Global
	GlobalSection(SolutionConfigurationPlatforms) = preSolution
		Debug|Any CPU = Debug|Any CPU
		Release|Any CPU = Release|Any CPU
	EndGlobalSection
	GlobalSection(ProjectConfigurationPlatforms) = postSolution
		{4C2F52DC-84EA-4E9C-84A1-24C963920D08}.Debug|Any CPU.ActiveCfg = Debug|Any CPU
		{4C2F52DC-84EA-4E9C-84A1-24C963920D08}.Debug|Any CPU.Build.0 = Debug|Any CPU
		{4C2F52DC-84EA-4E9C-84A1-24C963920D08}.Release|Any CPU.ActiveCfg = Release|Any CPU
		{4C2F52DC-84EA-4E9C-84A1-24C963920D08}.Release|Any CPU.Build.0 = Release|Any CPU
		{133B5ADF-8A19-45A4-95FC-73803124A9E3}.Debug|Any CPU.ActiveCfg = Debug
		{133B5ADF-8A19-45A4-95FC-73803124A9E3}.Release|Any CPU.ActiveCfg = Release
	EndGlobalSection
	GlobalSection(SolutionProperties) = preSolution
		HideSolutionNode = FALSE
	EndGlobalSection
EndGlobal
